// !$*UTF8*$!
{
	archiveVersion = 1;
	classes = {
	};
	objectVersion = 46;
	objects = {

/* Begin PBXBuildFile section */
		AC8BCE261C66284800EED405 /* alone-travel-320x480-wallpaper.jpg in Resources */ = {isa = PBXBuildFile; fileRef = AC8BCE251C66284800EED405 /* alone-travel-320x480-wallpaper.jpg */; };
		B1295B191C6657F400F3021E /* HDChatViewController.m in Sources */ = {isa = PBXBuildFile; fileRef = B1295B181C6657F400F3021E /* HDChatViewController.m */; };
		B1295B1C1C665C2500F3021E /* HDMessage.m in Sources */ = {isa = PBXBuildFile; fileRef = B1295B1B1C665C2500F3021E /* HDMessage.m */; };
		B1295B251C66600400F3021E /* HDMessageData.m in Sources */ = {isa = PBXBuildFile; fileRef = B1295B241C66600400F3021E /* HDMessageData.m */; };
		B1295B2B1C6674C600F3021E /* HDLike.m in Sources */ = {isa = PBXBuildFile; fileRef = B1295B2A1C6674C600F3021E /* HDLike.m */; };
		B1295BA81C6677F600F3021E /* Mp3Recorder.m in Sources */ = {isa = PBXBuildFile; fileRef = B1295BA41C6677F600F3021E /* Mp3Recorder.m */; };
		B1295BA91C6677F600F3021E /* libmp3lame.a in Frameworks */ = {isa = PBXBuildFile; fileRef = B1295BA61C6677F600F3021E /* libmp3lame.a */; };
		B1295BB91C66781F00F3021E /* chatto_bg_normal.png in Resources */ = {isa = PBXBuildFile; fileRef = B1295BAA1C66781F00F3021E /* chatto_bg_normal.png */; };
		B1295BBA1C66781F00F3021E /* chatfrom_doctor_icon.png in Resources */ = {isa = PBXBuildFile; fileRef = B1295BAB1C66781F00F3021E /* chatfrom_doctor_icon.png */; };
		B1295BBB1C66781F00F3021E /* chatfrom_bg_normal.png in Resources */ = {isa = PBXBuildFile; fileRef = B1295BAC1C66781F00F3021E /* chatfrom_bg_normal.png */; };
		B1295BBC1C66781F00F3021E /* chat_voice_record.png in Resources */ = {isa = PBXBuildFile; fileRef = B1295BAD1C66781F00F3021E /* chat_voice_record.png */; };
		B1295BBD1C66781F00F3021E /* Chat_take_picture.png in Resources */ = {isa = PBXBuildFile; fileRef = B1295BAE1C66781F00F3021E /* Chat_take_picture.png */; };
		B1295BBE1C66781F00F3021E /* chat_send_message.png in Resources */ = {isa = PBXBuildFile; fileRef = B1295BAF1C66781F00F3021E /* chat_send_message.png */; };
		B1295BBF1C66781F00F3021E /* Chat_record_circle.png in Resources */ = {isa = PBXBuildFile; fileRef = B1295BB01C66781F00F3021E /* Chat_record_circle.png */; };
		B1295BC01C66781F00F3021E /* chat_message_back.png in Resources */ = {isa = PBXBuildFile; fileRef = B1295BB11C66781F00F3021E /* chat_message_back.png */; };
		B1295BC11C66781F00F3021E /* chat_ipunt_message.png in Resources */ = {isa = PBXBuildFile; fileRef = B1295BB21C66781F00F3021E /* chat_ipunt_message.png */; };
		B1295BC21C66781F00F3021E /* chat_animation3.png in Resources */ = {isa = PBXBuildFile; fileRef = B1295BB31C66781F00F3021E /* chat_animation3.png */; };
		B1295BC31C66781F00F3021E /* chat_animation2.png in Resources */ = {isa = PBXBuildFile; fileRef = B1295BB41C66781F00F3021E /* chat_animation2.png */; };
		B1295BC41C66781F00F3021E /* chat_animation1.png in Resources */ = {isa = PBXBuildFile; fileRef = B1295BB51C66781F00F3021E /* chat_animation1.png */; };
		B1295BC51C66781F00F3021E /* chat_animation_white3.png in Resources */ = {isa = PBXBuildFile; fileRef = B1295BB61C66781F00F3021E /* chat_animation_white3.png */; };
		B1295BC61C66781F00F3021E /* chat_animation_white2.png in Resources */ = {isa = PBXBuildFile; fileRef = B1295BB71C66781F00F3021E /* chat_animation_white2.png */; };
		B1295BC71C66781F00F3021E /* chat_animation_white1.png in Resources */ = {isa = PBXBuildFile; fileRef = B1295BB81C66781F00F3021E /* chat_animation_white1.png */; };
		B1295BCB1C66783400F3021E /* NSDate+Utils.m in Sources */ = {isa = PBXBuildFile; fileRef = B1295BC81C66783400F3021E /* NSDate+Utils.m */; };
		B1295BD61C66784600F3021E /* MJRefreshHeaderView.m in Sources */ = {isa = PBXBuildFile; fileRef = B1295BCC1C66784600F3021E /* MJRefreshHeaderView.m */; };
		B1295BD71C66784600F3021E /* MJRefreshFooterView.m in Sources */ = {isa = PBXBuildFile; fileRef = B1295BCE1C66784600F3021E /* MJRefreshFooterView.m */; };
		B1295BD81C66784600F3021E /* MJRefreshConst.m in Sources */ = {isa = PBXBuildFile; fileRef = B1295BD01C66784600F3021E /* MJRefreshConst.m */; };
		B1295BD91C66784600F3021E /* MJRefreshBaseView.m in Sources */ = {isa = PBXBuildFile; fileRef = B1295BD21C66784600F3021E /* MJRefreshBaseView.m */; };
		B1295BDA1C66784600F3021E /* MJRefresh.bundle in Resources */ = {isa = PBXBuildFile; fileRef = B1295BD51C66784600F3021E /* MJRefresh.bundle */; };
		B1295BEC1C66786900F3021E /* UUProgressHUD.m in Sources */ = {isa = PBXBuildFile; fileRef = B1295BDC1C66786900F3021E /* UUProgressHUD.m */; };
		B1295BED1C66786900F3021E /* UUMessageFrame.m in Sources */ = {isa = PBXBuildFile; fileRef = B1295BDE1C66786900F3021E /* UUMessageFrame.m */; };
		B1295BEE1C66786900F3021E /* UUMessageContentButton.m in Sources */ = {isa = PBXBuildFile; fileRef = B1295BE01C66786900F3021E /* UUMessageContentButton.m */; };
		B1295BEF1C66786900F3021E /* UUMessageCell.m in Sources */ = {isa = PBXBuildFile; fileRef = B1295BE21C66786900F3021E /* UUMessageCell.m */; };
		B1295BF01C66786900F3021E /* UUMessage.m in Sources */ = {isa = PBXBuildFile; fileRef = B1295BE41C66786900F3021E /* UUMessage.m */; };
		B1295BF11C66786900F3021E /* UUInputFunctionView.m in Sources */ = {isa = PBXBuildFile; fileRef = B1295BE61C66786900F3021E /* UUInputFunctionView.m */; };
		B1295BF21C66786900F3021E /* UUImageAvatarBrowser.m in Sources */ = {isa = PBXBuildFile; fileRef = B1295BE81C66786900F3021E /* UUImageAvatarBrowser.m */; };
		B1295BF31C66786900F3021E /* UUAVAudioPlayer.m in Sources */ = {isa = PBXBuildFile; fileRef = B1295BEA1C66786900F3021E /* UUAVAudioPlayer.m */; };
		B1295BF61C66916800F3021E /* HDFriendsViewController.m in Sources */ = {isa = PBXBuildFile; fileRef = B1295BF51C66916800F3021E /* HDFriendsViewController.m */; };
		B1295BF81C6691B400F3021E /* HDFriendsViewController.xib in Resources */ = {isa = PBXBuildFile; fileRef = B1295BF71C6691B400F3021E /* HDFriendsViewController.xib */; };
		B1689A451C65BE6A00436439 /* main.m in Sources */ = {isa = PBXBuildFile; fileRef = B1689A441C65BE6A00436439 /* main.m */; };
		B1689A481C65BE6A00436439 /* AppDelegate.m in Sources */ = {isa = PBXBuildFile; fileRef = B1689A471C65BE6A00436439 /* AppDelegate.m */; };
		B1689A4B1C65BE6A00436439 /* HDLoginViewController.m in Sources */ = {isa = PBXBuildFile; fileRef = B1689A4A1C65BE6A00436439 /* HDLoginViewController.m */; };
		B1689A4E1C65BE6A00436439 /* Main.storyboard in Resources */ = {isa = PBXBuildFile; fileRef = B1689A4C1C65BE6A00436439 /* Main.storyboard */; };
		B1689A501C65BE6A00436439 /* Assets.xcassets in Resources */ = {isa = PBXBuildFile; fileRef = B1689A4F1C65BE6A00436439 /* Assets.xcassets */; };
		B1689A531C65BE6A00436439 /* LaunchScreen.storyboard in Resources */ = {isa = PBXBuildFile; fileRef = B1689A511C65BE6A00436439 /* LaunchScreen.storyboard */; };
		B1B77F031C66243D00A2F4EB /* HDGoogleAPIFetcher.m in Sources */ = {isa = PBXBuildFile; fileRef = B1B77F021C66243D00A2F4EB /* HDGoogleAPIFetcher.m */; };
		B1B77F061C6625DE00A2F4EB /* HDUser.m in Sources */ = {isa = PBXBuildFile; fileRef = B1B77F051C6625DE00A2F4EB /* HDUser.m */; };
		B1B77F091C662A4400A2F4EB /* HDFBLoginHandler.m in Sources */ = {isa = PBXBuildFile; fileRef = B1B77F081C662A4400A2F4EB /* HDFBLoginHandler.m */; };
		B1B77F0C1C662F5100A2F4EB /* HDDataManager.m in Sources */ = {isa = PBXBuildFile; fileRef = B1B77F0B1C662F5100A2F4EB /* HDDataManager.m */; };
		EB1CABB42ED6FC1C1C9BC0AC /* libPods.a in Frameworks */ = {isa = PBXBuildFile; fileRef = E9B73C3333FC38813B2C21DE /* libPods.a */; };
/* End PBXBuildFile section */

/* Begin PBXFileReference section */
		0F084FD0F1D204DA52303DDB /* Pods.debug.xcconfig */ = {isa = PBXFileReference; includeInIndex = 1; lastKnownFileType = text.xcconfig; name = Pods.debug.xcconfig; path = "Pods/Target Support Files/Pods/Pods.debug.xcconfig"; sourceTree = "<group>"; };
		AC8BCE251C66284800EED405 /* alone-travel-320x480-wallpaper.jpg */ = {isa = PBXFileReference; lastKnownFileType = image.jpeg; path = "alone-travel-320x480-wallpaper.jpg"; sourceTree = "<group>"; };
		B1295B171C6657F400F3021E /* HDChatViewController.h */ = {isa = PBXFileReference; fileEncoding = 4; lastKnownFileType = sourcecode.c.h; path = HDChatViewController.h; sourceTree = "<group>"; };
		B1295B181C6657F400F3021E /* HDChatViewController.m */ = {isa = PBXFileReference; fileEncoding = 4; lastKnownFileType = sourcecode.c.objc; path = HDChatViewController.m; sourceTree = "<group>"; };
		B1295B1A1C665C2500F3021E /* HDMessage.h */ = {isa = PBXFileReference; fileEncoding = 4; lastKnownFileType = sourcecode.c.h; path = HDMessage.h; sourceTree = "<group>"; };
		B1295B1B1C665C2500F3021E /* HDMessage.m */ = {isa = PBXFileReference; fileEncoding = 4; lastKnownFileType = sourcecode.c.objc; path = HDMessage.m; sourceTree = "<group>"; };
		B1295B231C66600400F3021E /* HDMessageData.h */ = {isa = PBXFileReference; fileEncoding = 4; lastKnownFileType = sourcecode.c.h; path = HDMessageData.h; sourceTree = "<group>"; };
		B1295B241C66600400F3021E /* HDMessageData.m */ = {isa = PBXFileReference; fileEncoding = 4; lastKnownFileType = sourcecode.c.objc; path = HDMessageData.m; sourceTree = "<group>"; };
		B1295B291C6674C600F3021E /* HDLike.h */ = {isa = PBXFileReference; fileEncoding = 4; lastKnownFileType = sourcecode.c.h; path = HDLike.h; sourceTree = "<group>"; };
		B1295B2A1C6674C600F3021E /* HDLike.m */ = {isa = PBXFileReference; fileEncoding = 4; lastKnownFileType = sourcecode.c.objc; path = HDLike.m; sourceTree = "<group>"; };
		B1295BA41C6677F600F3021E /* Mp3Recorder.m */ = {isa = PBXFileReference; fileEncoding = 4; lastKnownFileType = sourcecode.c.objc; path = Mp3Recorder.m; sourceTree = "<group>"; };
		B1295BA51C6677F600F3021E /* Mp3Recorder.h */ = {isa = PBXFileReference; fileEncoding = 4; lastKnownFileType = sourcecode.c.h; path = Mp3Recorder.h; sourceTree = "<group>"; };
		B1295BA61C6677F600F3021E /* libmp3lame.a */ = {isa = PBXFileReference; lastKnownFileType = archive.ar; path = libmp3lame.a; sourceTree = "<group>"; };
		B1295BA71C6677F600F3021E /* lame.h */ = {isa = PBXFileReference; fileEncoding = 4; lastKnownFileType = sourcecode.c.h; path = lame.h; sourceTree = "<group>"; };
		B1295BAA1C66781F00F3021E /* chatto_bg_normal.png */ = {isa = PBXFileReference; lastKnownFileType = image.png; path = chatto_bg_normal.png; sourceTree = "<group>"; };
		B1295BAB1C66781F00F3021E /* chatfrom_doctor_icon.png */ = {isa = PBXFileReference; lastKnownFileType = image.png; path = chatfrom_doctor_icon.png; sourceTree = "<group>"; };
		B1295BAC1C66781F00F3021E /* chatfrom_bg_normal.png */ = {isa = PBXFileReference; lastKnownFileType = image.png; path = chatfrom_bg_normal.png; sourceTree = "<group>"; };
		B1295BAD1C66781F00F3021E /* chat_voice_record.png */ = {isa = PBXFileReference; lastKnownFileType = image.png; path = chat_voice_record.png; sourceTree = "<group>"; };
		B1295BAE1C66781F00F3021E /* Chat_take_picture.png */ = {isa = PBXFileReference; lastKnownFileType = image.png; path = Chat_take_picture.png; sourceTree = "<group>"; };
		B1295BAF1C66781F00F3021E /* chat_send_message.png */ = {isa = PBXFileReference; lastKnownFileType = image.png; path = chat_send_message.png; sourceTree = "<group>"; };
		B1295BB01C66781F00F3021E /* Chat_record_circle.png */ = {isa = PBXFileReference; lastKnownFileType = image.png; path = Chat_record_circle.png; sourceTree = "<group>"; };
		B1295BB11C66781F00F3021E /* chat_message_back.png */ = {isa = PBXFileReference; lastKnownFileType = image.png; path = chat_message_back.png; sourceTree = "<group>"; };
		B1295BB21C66781F00F3021E /* chat_ipunt_message.png */ = {isa = PBXFileReference; lastKnownFileType = image.png; path = chat_ipunt_message.png; sourceTree = "<group>"; };
		B1295BB31C66781F00F3021E /* chat_animation3.png */ = {isa = PBXFileReference; lastKnownFileType = image.png; path = chat_animation3.png; sourceTree = "<group>"; };
		B1295BB41C66781F00F3021E /* chat_animation2.png */ = {isa = PBXFileReference; lastKnownFileType = image.png; path = chat_animation2.png; sourceTree = "<group>"; };
		B1295BB51C66781F00F3021E /* chat_animation1.png */ = {isa = PBXFileReference; lastKnownFileType = image.png; path = chat_animation1.png; sourceTree = "<group>"; };
		B1295BB61C66781F00F3021E /* chat_animation_white3.png */ = {isa = PBXFileReference; lastKnownFileType = image.png; path = chat_animation_white3.png; sourceTree = "<group>"; };
		B1295BB71C66781F00F3021E /* chat_animation_white2.png */ = {isa = PBXFileReference; lastKnownFileType = image.png; path = chat_animation_white2.png; sourceTree = "<group>"; };
		B1295BB81C66781F00F3021E /* chat_animation_white1.png */ = {isa = PBXFileReference; lastKnownFileType = image.png; path = chat_animation_white1.png; sourceTree = "<group>"; };
		B1295BC81C66783400F3021E /* NSDate+Utils.m */ = {isa = PBXFileReference; fileEncoding = 4; lastKnownFileType = sourcecode.c.objc; path = "NSDate+Utils.m"; sourceTree = "<group>"; };
		B1295BC91C66783400F3021E /* NSDate+Utils.h */ = {isa = PBXFileReference; fileEncoding = 4; lastKnownFileType = sourcecode.c.h; path = "NSDate+Utils.h"; sourceTree = "<group>"; };
		B1295BCA1C66783400F3021E /* ACMacros.h */ = {isa = PBXFileReference; fileEncoding = 4; lastKnownFileType = sourcecode.c.h; path = ACMacros.h; sourceTree = "<group>"; };
		B1295BCC1C66784600F3021E /* MJRefreshHeaderView.m */ = {isa = PBXFileReference; fileEncoding = 4; lastKnownFileType = sourcecode.c.objc; path = MJRefreshHeaderView.m; sourceTree = "<group>"; };
		B1295BCD1C66784600F3021E /* MJRefreshHeaderView.h */ = {isa = PBXFileReference; fileEncoding = 4; lastKnownFileType = sourcecode.c.h; path = MJRefreshHeaderView.h; sourceTree = "<group>"; };
		B1295BCE1C66784600F3021E /* MJRefreshFooterView.m */ = {isa = PBXFileReference; fileEncoding = 4; lastKnownFileType = sourcecode.c.objc; path = MJRefreshFooterView.m; sourceTree = "<group>"; };
		B1295BCF1C66784600F3021E /* MJRefreshFooterView.h */ = {isa = PBXFileReference; fileEncoding = 4; lastKnownFileType = sourcecode.c.h; path = MJRefreshFooterView.h; sourceTree = "<group>"; };
		B1295BD01C66784600F3021E /* MJRefreshConst.m */ = {isa = PBXFileReference; fileEncoding = 4; lastKnownFileType = sourcecode.c.objc; path = MJRefreshConst.m; sourceTree = "<group>"; };
		B1295BD11C66784600F3021E /* MJRefreshConst.h */ = {isa = PBXFileReference; fileEncoding = 4; lastKnownFileType = sourcecode.c.h; path = MJRefreshConst.h; sourceTree = "<group>"; };
		B1295BD21C66784600F3021E /* MJRefreshBaseView.m */ = {isa = PBXFileReference; fileEncoding = 4; lastKnownFileType = sourcecode.c.objc; path = MJRefreshBaseView.m; sourceTree = "<group>"; };
		B1295BD31C66784600F3021E /* MJRefreshBaseView.h */ = {isa = PBXFileReference; fileEncoding = 4; lastKnownFileType = sourcecode.c.h; path = MJRefreshBaseView.h; sourceTree = "<group>"; };
		B1295BD41C66784600F3021E /* MJRefresh.h */ = {isa = PBXFileReference; fileEncoding = 4; lastKnownFileType = sourcecode.c.h; path = MJRefresh.h; sourceTree = "<group>"; };
		B1295BD51C66784600F3021E /* MJRefresh.bundle */ = {isa = PBXFileReference; lastKnownFileType = "wrapper.plug-in"; path = MJRefresh.bundle; sourceTree = "<group>"; };
		B1295BDC1C66786900F3021E /* UUProgressHUD.m */ = {isa = PBXFileReference; fileEncoding = 4; lastKnownFileType = sourcecode.c.objc; path = UUProgressHUD.m; sourceTree = "<group>"; };
		B1295BDD1C66786900F3021E /* UUProgressHUD.h */ = {isa = PBXFileReference; fileEncoding = 4; lastKnownFileType = sourcecode.c.h; path = UUProgressHUD.h; sourceTree = "<group>"; };
		B1295BDE1C66786900F3021E /* UUMessageFrame.m */ = {isa = PBXFileReference; fileEncoding = 4; lastKnownFileType = sourcecode.c.objc; path = UUMessageFrame.m; sourceTree = "<group>"; };
		B1295BDF1C66786900F3021E /* UUMessageFrame.h */ = {isa = PBXFileReference; fileEncoding = 4; lastKnownFileType = sourcecode.c.h; path = UUMessageFrame.h; sourceTree = "<group>"; };
		B1295BE01C66786900F3021E /* UUMessageContentButton.m */ = {isa = PBXFileReference; fileEncoding = 4; lastKnownFileType = sourcecode.c.objc; path = UUMessageContentButton.m; sourceTree = "<group>"; };
		B1295BE11C66786900F3021E /* UUMessageContentButton.h */ = {isa = PBXFileReference; fileEncoding = 4; lastKnownFileType = sourcecode.c.h; path = UUMessageContentButton.h; sourceTree = "<group>"; };
		B1295BE21C66786900F3021E /* UUMessageCell.m */ = {isa = PBXFileReference; fileEncoding = 4; lastKnownFileType = sourcecode.c.objc; path = UUMessageCell.m; sourceTree = "<group>"; };
		B1295BE31C66786900F3021E /* UUMessageCell.h */ = {isa = PBXFileReference; fileEncoding = 4; lastKnownFileType = sourcecode.c.h; path = UUMessageCell.h; sourceTree = "<group>"; };
		B1295BE41C66786900F3021E /* UUMessage.m */ = {isa = PBXFileReference; fileEncoding = 4; lastKnownFileType = sourcecode.c.objc; path = UUMessage.m; sourceTree = "<group>"; };
		B1295BE51C66786900F3021E /* UUMessage.h */ = {isa = PBXFileReference; fileEncoding = 4; lastKnownFileType = sourcecode.c.h; path = UUMessage.h; sourceTree = "<group>"; };
		B1295BE61C66786900F3021E /* UUInputFunctionView.m */ = {isa = PBXFileReference; fileEncoding = 4; lastKnownFileType = sourcecode.c.objc; path = UUInputFunctionView.m; sourceTree = "<group>"; };
		B1295BE71C66786900F3021E /* UUInputFunctionView.h */ = {isa = PBXFileReference; fileEncoding = 4; lastKnownFileType = sourcecode.c.h; path = UUInputFunctionView.h; sourceTree = "<group>"; };
		B1295BE81C66786900F3021E /* UUImageAvatarBrowser.m */ = {isa = PBXFileReference; fileEncoding = 4; lastKnownFileType = sourcecode.c.objc; path = UUImageAvatarBrowser.m; sourceTree = "<group>"; };
		B1295BE91C66786900F3021E /* UUImageAvatarBrowser.h */ = {isa = PBXFileReference; fileEncoding = 4; lastKnownFileType = sourcecode.c.h; path = UUImageAvatarBrowser.h; sourceTree = "<group>"; };
		B1295BEA1C66786900F3021E /* UUAVAudioPlayer.m */ = {isa = PBXFileReference; fileEncoding = 4; lastKnownFileType = sourcecode.c.objc; path = UUAVAudioPlayer.m; sourceTree = "<group>"; };
		B1295BEB1C66786900F3021E /* UUAVAudioPlayer.h */ = {isa = PBXFileReference; fileEncoding = 4; lastKnownFileType = sourcecode.c.h; path = UUAVAudioPlayer.h; sourceTree = "<group>"; };
		B1295BF41C66916800F3021E /* HDFriendsViewController.h */ = {isa = PBXFileReference; fileEncoding = 4; lastKnownFileType = sourcecode.c.h; path = HDFriendsViewController.h; sourceTree = "<group>"; };
		B1295BF51C66916800F3021E /* HDFriendsViewController.m */ = {isa = PBXFileReference; fileEncoding = 4; lastKnownFileType = sourcecode.c.objc; path = HDFriendsViewController.m; sourceTree = "<group>"; };
		B1295BF71C6691B400F3021E /* HDFriendsViewController.xib */ = {isa = PBXFileReference; fileEncoding = 4; lastKnownFileType = file.xib; path = HDFriendsViewController.xib; sourceTree = "<group>"; };
		B1689A401C65BE6A00436439 /* Headout.app */ = {isa = PBXFileReference; explicitFileType = wrapper.application; includeInIndex = 0; path = Headout.app; sourceTree = BUILT_PRODUCTS_DIR; };
		B1689A441C65BE6A00436439 /* main.m */ = {isa = PBXFileReference; lastKnownFileType = sourcecode.c.objc; path = main.m; sourceTree = "<group>"; };
		B1689A461C65BE6A00436439 /* AppDelegate.h */ = {isa = PBXFileReference; lastKnownFileType = sourcecode.c.h; path = AppDelegate.h; sourceTree = "<group>"; };
		B1689A471C65BE6A00436439 /* AppDelegate.m */ = {isa = PBXFileReference; lastKnownFileType = sourcecode.c.objc; path = AppDelegate.m; sourceTree = "<group>"; };
		B1689A491C65BE6A00436439 /* HDLoginViewController.h */ = {isa = PBXFileReference; lastKnownFileType = sourcecode.c.h; path = HDLoginViewController.h; sourceTree = "<group>"; };
		B1689A4A1C65BE6A00436439 /* HDLoginViewController.m */ = {isa = PBXFileReference; lastKnownFileType = sourcecode.c.objc; path = HDLoginViewController.m; sourceTree = "<group>"; };
		B1689A4D1C65BE6A00436439 /* Base */ = {isa = PBXFileReference; lastKnownFileType = file.storyboard; name = Base; path = Base.lproj/Main.storyboard; sourceTree = "<group>"; };
		B1689A4F1C65BE6A00436439 /* Assets.xcassets */ = {isa = PBXFileReference; lastKnownFileType = folder.assetcatalog; path = Assets.xcassets; sourceTree = "<group>"; };
		B1689A521C65BE6A00436439 /* Base */ = {isa = PBXFileReference; lastKnownFileType = file.storyboard; name = Base; path = Base.lproj/LaunchScreen.storyboard; sourceTree = "<group>"; };
		B1689A541C65BE6A00436439 /* Info.plist */ = {isa = PBXFileReference; lastKnownFileType = text.plist.xml; path = Info.plist; sourceTree = "<group>"; };
		B1B77EFC1C65DCFE00A2F4EB /* PrefixHeader.pch */ = {isa = PBXFileReference; fileEncoding = 4; lastKnownFileType = sourcecode.c.h; path = PrefixHeader.pch; sourceTree = SOURCE_ROOT; };
		B1B77F011C66243D00A2F4EB /* HDGoogleAPIFetcher.h */ = {isa = PBXFileReference; fileEncoding = 4; lastKnownFileType = sourcecode.c.h; path = HDGoogleAPIFetcher.h; sourceTree = "<group>"; };
		B1B77F021C66243D00A2F4EB /* HDGoogleAPIFetcher.m */ = {isa = PBXFileReference; fileEncoding = 4; lastKnownFileType = sourcecode.c.objc; path = HDGoogleAPIFetcher.m; sourceTree = "<group>"; };
		B1B77F041C6625DE00A2F4EB /* HDUser.h */ = {isa = PBXFileReference; fileEncoding = 4; lastKnownFileType = sourcecode.c.h; path = HDUser.h; sourceTree = "<group>"; };
		B1B77F051C6625DE00A2F4EB /* HDUser.m */ = {isa = PBXFileReference; fileEncoding = 4; lastKnownFileType = sourcecode.c.objc; path = HDUser.m; sourceTree = "<group>"; };
		B1B77F071C662A4400A2F4EB /* HDFBLoginHandler.h */ = {isa = PBXFileReference; fileEncoding = 4; lastKnownFileType = sourcecode.c.h; path = HDFBLoginHandler.h; sourceTree = "<group>"; };
		B1B77F081C662A4400A2F4EB /* HDFBLoginHandler.m */ = {isa = PBXFileReference; fileEncoding = 4; lastKnownFileType = sourcecode.c.objc; path = HDFBLoginHandler.m; sourceTree = "<group>"; };
		B1B77F0A1C662F5100A2F4EB /* HDDataManager.h */ = {isa = PBXFileReference; fileEncoding = 4; lastKnownFileType = sourcecode.c.h; path = HDDataManager.h; sourceTree = "<group>"; };
		B1B77F0B1C662F5100A2F4EB /* HDDataManager.m */ = {isa = PBXFileReference; fileEncoding = 4; lastKnownFileType = sourcecode.c.objc; path = HDDataManager.m; sourceTree = "<group>"; };
		C906D02A98FF1FF6181F15ED /* Pods.release.xcconfig */ = {isa = PBXFileReference; includeInIndex = 1; lastKnownFileType = text.xcconfig; name = Pods.release.xcconfig; path = "Pods/Target Support Files/Pods/Pods.release.xcconfig"; sourceTree = "<group>"; };
		E9B73C3333FC38813B2C21DE /* libPods.a */ = {isa = PBXFileReference; explicitFileType = archive.ar; includeInIndex = 0; path = libPods.a; sourceTree = BUILT_PRODUCTS_DIR; };
/* End PBXFileReference section */

/* Begin PBXFrameworksBuildPhase section */
		B1689A3D1C65BE6A00436439 /* Frameworks */ = {
			isa = PBXFrameworksBuildPhase;
			buildActionMask = 2147483647;
			files = (
				EB1CABB42ED6FC1C1C9BC0AC /* libPods.a in Frameworks */,
				B1295BA91C6677F600F3021E /* libmp3lame.a in Frameworks */,
			);
			runOnlyForDeploymentPostprocessing = 0;
		};
/* End PBXFrameworksBuildPhase section */

/* Begin PBXGroup section */
		052A47BE97EE2BB761AD0CAA /* Frameworks */ = {
			isa = PBXGroup;
			children = (
				E9B73C3333FC38813B2C21DE /* libPods.a */,
			);
			name = Frameworks;
			sourceTree = "<group>";
		};
		3C66810EE906FB78386B28B9 /* Pods */ = {
			isa = PBXGroup;
			children = (
				0F084FD0F1D204DA52303DDB /* Pods.debug.xcconfig */,
				C906D02A98FF1FF6181F15ED /* Pods.release.xcconfig */,
			);
			name = Pods;
			sourceTree = "<group>";
		};
		AC8BCE241C66284800EED405 /* Images */ = {
			isa = PBXGroup;
			children = (
				AC8BCE251C66284800EED405 /* alone-travel-320x480-wallpaper.jpg */,
			);
			path = Images;
			sourceTree = "<group>";
		};
		B1295BA21C6677B900F3021E /* ChatView */ = {
			isa = PBXGroup;
			children = (
				B1295BDB1C66785800F3021E /* UUMessage */,
				B1295BA31C6677C700F3021E /* Other Resources */,
			);
			name = ChatView;
			sourceTree = "<group>";
		};
		B1295BA31C6677C700F3021E /* Other Resources */ = {
			isa = PBXGroup;
			children = (
				B1295BCC1C66784600F3021E /* MJRefreshHeaderView.m */,
				B1295BCD1C66784600F3021E /* MJRefreshHeaderView.h */,
				B1295BCE1C66784600F3021E /* MJRefreshFooterView.m */,
				B1295BCF1C66784600F3021E /* MJRefreshFooterView.h */,
				B1295BD01C66784600F3021E /* MJRefreshConst.m */,
				B1295BD11C66784600F3021E /* MJRefreshConst.h */,
				B1295BD21C66784600F3021E /* MJRefreshBaseView.m */,
				B1295BD31C66784600F3021E /* MJRefreshBaseView.h */,
				B1295BD41C66784600F3021E /* MJRefresh.h */,
				B1295BD51C66784600F3021E /* MJRefresh.bundle */,
				B1295BC81C66783400F3021E /* NSDate+Utils.m */,
				B1295BC91C66783400F3021E /* NSDate+Utils.h */,
				B1295BCA1C66783400F3021E /* ACMacros.h */,
				B1295BAA1C66781F00F3021E /* chatto_bg_normal.png */,
				B1295BAB1C66781F00F3021E /* chatfrom_doctor_icon.png */,
				B1295BAC1C66781F00F3021E /* chatfrom_bg_normal.png */,
				B1295BAD1C66781F00F3021E /* chat_voice_record.png */,
				B1295BAE1C66781F00F3021E /* Chat_take_picture.png */,
				B1295BAF1C66781F00F3021E /* chat_send_message.png */,
				B1295BB01C66781F00F3021E /* Chat_record_circle.png */,
				B1295BB11C66781F00F3021E /* chat_message_back.png */,
				B1295BB21C66781F00F3021E /* chat_ipunt_message.png */,
				B1295BB31C66781F00F3021E /* chat_animation3.png */,
				B1295BB41C66781F00F3021E /* chat_animation2.png */,
				B1295BB51C66781F00F3021E /* chat_animation1.png */,
				B1295BB61C66781F00F3021E /* chat_animation_white3.png */,
				B1295BB71C66781F00F3021E /* chat_animation_white2.png */,
				B1295BB81C66781F00F3021E /* chat_animation_white1.png */,
				B1295BA41C6677F600F3021E /* Mp3Recorder.m */,
				B1295BA51C6677F600F3021E /* Mp3Recorder.h */,
				B1295BA61C6677F600F3021E /* libmp3lame.a */,
				B1295BA71C6677F600F3021E /* lame.h */,
			);
			name = "Other Resources";
			sourceTree = "<group>";
		};
		B1295BDB1C66785800F3021E /* UUMessage */ = {
			isa = PBXGroup;
			children = (
				B1295BDC1C66786900F3021E /* UUProgressHUD.m */,
				B1295BDD1C66786900F3021E /* UUProgressHUD.h */,
				B1295BDE1C66786900F3021E /* UUMessageFrame.m */,
				B1295BDF1C66786900F3021E /* UUMessageFrame.h */,
				B1295BE01C66786900F3021E /* UUMessageContentButton.m */,
				B1295BE11C66786900F3021E /* UUMessageContentButton.h */,
				B1295BE21C66786900F3021E /* UUMessageCell.m */,
				B1295BE31C66786900F3021E /* UUMessageCell.h */,
				B1295BE41C66786900F3021E /* UUMessage.m */,
				B1295BE51C66786900F3021E /* UUMessage.h */,
				B1295BE61C66786900F3021E /* UUInputFunctionView.m */,
				B1295BE71C66786900F3021E /* UUInputFunctionView.h */,
				B1295BE81C66786900F3021E /* UUImageAvatarBrowser.m */,
				B1295BE91C66786900F3021E /* UUImageAvatarBrowser.h */,
				B1295BEA1C66786900F3021E /* UUAVAudioPlayer.m */,
				B1295BEB1C66786900F3021E /* UUAVAudioPlayer.h */,
			);
			name = UUMessage;
			sourceTree = "<group>";
		};
		B1689A371C65BE6A00436439 = {
			isa = PBXGroup;
			children = (
				B1689A421C65BE6A00436439 /* Headout */,
				B1689A411C65BE6A00436439 /* Products */,
				3C66810EE906FB78386B28B9 /* Pods */,
				052A47BE97EE2BB761AD0CAA /* Frameworks */,
			);
			sourceTree = "<group>";
		};
		B1689A411C65BE6A00436439 /* Products */ = {
			isa = PBXGroup;
			children = (
				B1689A401C65BE6A00436439 /* Headout.app */,
			);
			name = Products;
			sourceTree = "<group>";
		};
		B1689A421C65BE6A00436439 /* Headout */ = {
			isa = PBXGroup;
			children = (
				B1295BA21C6677B900F3021E /* ChatView */,
				B1295BF41C66916800F3021E /* HDFriendsViewController.h */,
				B1295BF51C66916800F3021E /* HDFriendsViewController.m */,
				B1295BF71C6691B400F3021E /* HDFriendsViewController.xib */,
				B1295B291C6674C600F3021E /* HDLike.h */,
				B1295B2A1C6674C600F3021E /* HDLike.m */,
				B1295B231C66600400F3021E /* HDMessageData.h */,
				B1295B241C66600400F3021E /* HDMessageData.m */,
				B1295B1A1C665C2500F3021E /* HDMessage.h */,
				B1295B1B1C665C2500F3021E /* HDMessage.m */,
				B1295B171C6657F400F3021E /* HDChatViewController.h */,
				B1295B181C6657F400F3021E /* HDChatViewController.m */,
				B1B77F011C66243D00A2F4EB /* HDGoogleAPIFetcher.h */,
				B1B77F021C66243D00A2F4EB /* HDGoogleAPIFetcher.m */,
				B1689A461C65BE6A00436439 /* AppDelegate.h */,
				B1689A471C65BE6A00436439 /* AppDelegate.m */,
				B1689A491C65BE6A00436439 /* HDLoginViewController.h */,
				B1689A4A1C65BE6A00436439 /* HDLoginViewController.m */,
				B1B77F041C6625DE00A2F4EB /* HDUser.h */,
				B1B77F051C6625DE00A2F4EB /* HDUser.m */,
				B1B77F071C662A4400A2F4EB /* HDFBLoginHandler.h */,
				B1B77F081C662A4400A2F4EB /* HDFBLoginHandler.m */,
				B1B77F0A1C662F5100A2F4EB /* HDDataManager.h */,
				B1B77F0B1C662F5100A2F4EB /* HDDataManager.m */,
				B1689A4F1C65BE6A00436439 /* Assets.xcassets */,
				B1689A4C1C65BE6A00436439 /* Main.storyboard */,
				B1689A511C65BE6A00436439 /* LaunchScreen.storyboard */,
				B1B77EFC1C65DCFE00A2F4EB /* PrefixHeader.pch */,
				B1689A541C65BE6A00436439 /* Info.plist */,
				AC8BCE241C66284800EED405 /* Images */,
				B1689A431C65BE6A00436439 /* Supporting Files */,
			);
			path = Headout;
			sourceTree = "<group>";
		};
		B1689A431C65BE6A00436439 /* Supporting Files */ = {
			isa = PBXGroup;
			children = (
				B1689A441C65BE6A00436439 /* main.m */,
			);
			name = "Supporting Files";
			sourceTree = "<group>";
		};
/* End PBXGroup section */

/* Begin PBXNativeTarget section */
		B1689A3F1C65BE6A00436439 /* Headout */ = {
			isa = PBXNativeTarget;
			buildConfigurationList = B1689A571C65BE6A00436439 /* Build configuration list for PBXNativeTarget "Headout" */;
			buildPhases = (
				C451CE80941F357DA958DC6E /* Check Pods Manifest.lock */,
				B1689A3C1C65BE6A00436439 /* Sources */,
				B1689A3D1C65BE6A00436439 /* Frameworks */,
				B1689A3E1C65BE6A00436439 /* Resources */,
				84D15C5EE32B7BE0D5BD95E8 /* Embed Pods Frameworks */,
				A4275E9B6D08402C2DA07E14 /* Copy Pods Resources */,
			);
			buildRules = (
			);
			dependencies = (
			);
			name = Headout;
			productName = Headout;
			productReference = B1689A401C65BE6A00436439 /* Headout.app */;
			productType = "com.apple.product-type.application";
		};
/* End PBXNativeTarget section */

/* Begin PBXProject section */
		B1689A381C65BE6A00436439 /* Project object */ = {
			isa = PBXProject;
			attributes = {
				LastUpgradeCheck = 0720;
				ORGANIZATIONNAME = Hackthon;
				TargetAttributes = {
					B1689A3F1C65BE6A00436439 = {
						CreatedOnToolsVersion = 7.2;
						DevelopmentTeam = 9S9UN3HHA9;
					};
				};
			};
			buildConfigurationList = B1689A3B1C65BE6A00436439 /* Build configuration list for PBXProject "Headout" */;
			compatibilityVersion = "Xcode 3.2";
			developmentRegion = English;
			hasScannedForEncodings = 0;
			knownRegions = (
				en,
				Base,
			);
			mainGroup = B1689A371C65BE6A00436439;
			productRefGroup = B1689A411C65BE6A00436439 /* Products */;
			projectDirPath = "";
			projectRoot = "";
			targets = (
				B1689A3F1C65BE6A00436439 /* Headout */,
			);
		};
/* End PBXProject section */

/* Begin PBXResourcesBuildPhase section */
		B1689A3E1C65BE6A00436439 /* Resources */ = {
			isa = PBXResourcesBuildPhase;
			buildActionMask = 2147483647;
			files = (
				B1689A531C65BE6A00436439 /* LaunchScreen.storyboard in Resources */,
				B1689A501C65BE6A00436439 /* Assets.xcassets in Resources */,
				B1295BBD1C66781F00F3021E /* Chat_take_picture.png in Resources */,
				B1295BB91C66781F00F3021E /* chatto_bg_normal.png in Resources */,
				B1295BC21C66781F00F3021E /* chat_animation3.png in Resources */,
				B1295BBC1C66781F00F3021E /* chat_voice_record.png in Resources */,
				B1295BC51C66781F00F3021E /* chat_animation_white3.png in Resources */,
				B1295BF81C6691B400F3021E /* HDFriendsViewController.xib in Resources */,
				B1295BC61C66781F00F3021E /* chat_animation_white2.png in Resources */,
				B1295BC41C66781F00F3021E /* chat_animation1.png in Resources */,
				B1295BC71C66781F00F3021E /* chat_animation_white1.png in Resources */,
				AC8BCE261C66284800EED405 /* alone-travel-320x480-wallpaper.jpg in Resources */,
				B1689A4E1C65BE6A00436439 /* Main.storyboard in Resources */,
				B1295BC31C66781F00F3021E /* chat_animation2.png in Resources */,
				B1295BC11C66781F00F3021E /* chat_ipunt_message.png in Resources */,
				B1295BBE1C66781F00F3021E /* chat_send_message.png in Resources */,
				B1295BC01C66781F00F3021E /* chat_message_back.png in Resources */,
				B1295BBA1C66781F00F3021E /* chatfrom_doctor_icon.png in Resources */,
				B1295BBF1C66781F00F3021E /* Chat_record_circle.png in Resources */,
				B1295BDA1C66784600F3021E /* MJRefresh.bundle in Resources */,
				B1295BBB1C66781F00F3021E /* chatfrom_bg_normal.png in Resources */,
			);
			runOnlyForDeploymentPostprocessing = 0;
		};
/* End PBXResourcesBuildPhase section */

/* Begin PBXShellScriptBuildPhase section */
		84D15C5EE32B7BE0D5BD95E8 /* Embed Pods Frameworks */ = {
			isa = PBXShellScriptBuildPhase;
			buildActionMask = 2147483647;
			files = (
			);
			inputPaths = (
			);
			name = "Embed Pods Frameworks";
			outputPaths = (
			);
			runOnlyForDeploymentPostprocessing = 0;
			shellPath = /bin/sh;
			shellScript = "\"${SRCROOT}/Pods/Target Support Files/Pods/Pods-frameworks.sh\"\n";
			showEnvVarsInLog = 0;
		};
		A4275E9B6D08402C2DA07E14 /* Copy Pods Resources */ = {
			isa = PBXShellScriptBuildPhase;
			buildActionMask = 2147483647;
			files = (
			);
			inputPaths = (
			);
			name = "Copy Pods Resources";
			outputPaths = (
			);
			runOnlyForDeploymentPostprocessing = 0;
			shellPath = /bin/sh;
			shellScript = "\"${SRCROOT}/Pods/Target Support Files/Pods/Pods-resources.sh\"\n";
			showEnvVarsInLog = 0;
		};
		C451CE80941F357DA958DC6E /* Check Pods Manifest.lock */ = {
			isa = PBXShellScriptBuildPhase;
			buildActionMask = 2147483647;
			files = (
			);
			inputPaths = (
			);
			name = "Check Pods Manifest.lock";
			outputPaths = (
			);
			runOnlyForDeploymentPostprocessing = 0;
			shellPath = /bin/sh;
			shellScript = "diff \"${PODS_ROOT}/../Podfile.lock\" \"${PODS_ROOT}/Manifest.lock\" > /dev/null\nif [[ $? != 0 ]] ; then\n    cat << EOM\nerror: The sandbox is not in sync with the Podfile.lock. Run 'pod install' or update your CocoaPods installation.\nEOM\n    exit 1\nfi\n";
			showEnvVarsInLog = 0;
		};
/* End PBXShellScriptBuildPhase section */

/* Begin PBXSourcesBuildPhase section */
		B1689A3C1C65BE6A00436439 /* Sources */ = {
			isa = PBXSourcesBuildPhase;
			buildActionMask = 2147483647;
			files = (
				B1689A4B1C65BE6A00436439 /* HDLoginViewController.m in Sources */,
				B1295BF21C66786900F3021E /* UUImageAvatarBrowser.m in Sources */,
				B1295BF31C66786900F3021E /* UUAVAudioPlayer.m in Sources */,
				B1295B251C66600400F3021E /* HDMessageData.m in Sources */,
				B1295BD61C66784600F3021E /* MJRefreshHeaderView.m in Sources */,
				B1295B1C1C665C2500F3021E /* HDMessage.m in Sources */,
				B1295BEF1C66786900F3021E /* UUMessageCell.m in Sources */,
				B1B77F0C1C662F5100A2F4EB /* HDDataManager.m in Sources */,
				B1689A481C65BE6A00436439 /* AppDelegate.m in Sources */,
				B1295BCB1C66783400F3021E /* NSDate+Utils.m in Sources */,
				B1689A451C65BE6A00436439 /* main.m in Sources */,
				B1295BEC1C66786900F3021E /* UUProgressHUD.m in Sources */,
				B1295BD81C66784600F3021E /* MJRefreshConst.m in Sources */,
				B1295BED1C66786900F3021E /* UUMessageFrame.m in Sources */,
				B1295B191C6657F400F3021E /* HDChatViewController.m in Sources */,
				B1B77F031C66243D00A2F4EB /* HDGoogleAPIFetcher.m in Sources */,
				B1295BF61C66916800F3021E /* HDFriendsViewController.m in Sources */,
				B1295BD91C66784600F3021E /* MJRefreshBaseView.m in Sources */,
				B1295BF11C66786900F3021E /* UUInputFunctionView.m in Sources */,
				B1B77F091C662A4400A2F4EB /* HDFBLoginHandler.m in Sources */,
				B1295B2B1C6674C600F3021E /* HDLike.m in Sources */,
				B1295BD71C66784600F3021E /* MJRefreshFooterView.m in Sources */,
				B1295BEE1C66786900F3021E /* UUMessageContentButton.m in Sources */,
				B1295BA81C6677F600F3021E /* Mp3Recorder.m in Sources */,
				B1B77F061C6625DE00A2F4EB /* HDUser.m in Sources */,
				B1295BF01C66786900F3021E /* UUMessage.m in Sources */,
			);
			runOnlyForDeploymentPostprocessing = 0;
		};
/* End PBXSourcesBuildPhase section */

/* Begin PBXVariantGroup section */
		B1689A4C1C65BE6A00436439 /* Main.storyboard */ = {
			isa = PBXVariantGroup;
			children = (
				B1689A4D1C65BE6A00436439 /* Base */,
			);
			name = Main.storyboard;
			sourceTree = "<group>";
		};
		B1689A511C65BE6A00436439 /* LaunchScreen.storyboard */ = {
			isa = PBXVariantGroup;
			children = (
				B1689A521C65BE6A00436439 /* Base */,
			);
			name = LaunchScreen.storyboard;
			sourceTree = "<group>";
		};
/* End PBXVariantGroup section */

/* Begin XCBuildConfiguration section */
		B1689A551C65BE6A00436439 /* Debug */ = {
			isa = XCBuildConfiguration;
			buildSettings = {
				ALWAYS_SEARCH_USER_PATHS = NO;
				CLANG_CXX_LANGUAGE_STANDARD = "gnu++0x";
				CLANG_CXX_LIBRARY = "libc++";
				CLANG_ENABLE_MODULES = YES;
				CLANG_ENABLE_OBJC_ARC = YES;
				CLANG_WARN_BOOL_CONVERSION = YES;
				CLANG_WARN_CONSTANT_CONVERSION = YES;
				CLANG_WARN_DIRECT_OBJC_ISA_USAGE = YES_ERROR;
				CLANG_WARN_EMPTY_BODY = YES;
				CLANG_WARN_ENUM_CONVERSION = YES;
				CLANG_WARN_INT_CONVERSION = YES;
				CLANG_WARN_OBJC_ROOT_CLASS = YES_ERROR;
				CLANG_WARN_UNREACHABLE_CODE = YES;
				CLANG_WARN__DUPLICATE_METHOD_MATCH = YES;
				"CODE_SIGN_IDENTITY[sdk=iphoneos*]" = "iPhone Developer";
				COPY_PHASE_STRIP = NO;
				DEBUG_INFORMATION_FORMAT = dwarf;
				ENABLE_STRICT_OBJC_MSGSEND = YES;
				ENABLE_TESTABILITY = YES;
				GCC_C_LANGUAGE_STANDARD = gnu99;
				GCC_DYNAMIC_NO_PIC = NO;
				GCC_NO_COMMON_BLOCKS = YES;
				GCC_OPTIMIZATION_LEVEL = 0;
				GCC_PREPROCESSOR_DEFINITIONS = (
					"DEBUG=1",
					"$(inherited)",
				);
				GCC_WARN_64_TO_32_BIT_CONVERSION = YES;
				GCC_WARN_ABOUT_RETURN_TYPE = YES_ERROR;
				GCC_WARN_UNDECLARED_SELECTOR = YES;
				GCC_WARN_UNINITIALIZED_AUTOS = YES_AGGRESSIVE;
				GCC_WARN_UNUSED_FUNCTION = YES;
				GCC_WARN_UNUSED_VARIABLE = YES;
				IPHONEOS_DEPLOYMENT_TARGET = 9.2;
				MTL_ENABLE_DEBUG_INFO = YES;
				ONLY_ACTIVE_ARCH = YES;
				SDKROOT = iphoneos;
				TARGETED_DEVICE_FAMILY = "1,2";
			};
			name = Debug;
		};
		B1689A561C65BE6A00436439 /* Release */ = {
			isa = XCBuildConfiguration;
			buildSettings = {
				ALWAYS_SEARCH_USER_PATHS = NO;
				CLANG_CXX_LANGUAGE_STANDARD = "gnu++0x";
				CLANG_CXX_LIBRARY = "libc++";
				CLANG_ENABLE_MODULES = YES;
				CLANG_ENABLE_OBJC_ARC = YES;
				CLANG_WARN_BOOL_CONVERSION = YES;
				CLANG_WARN_CONSTANT_CONVERSION = YES;
				CLANG_WARN_DIRECT_OBJC_ISA_USAGE = YES_ERROR;
				CLANG_WARN_EMPTY_BODY = YES;
				CLANG_WARN_ENUM_CONVERSION = YES;
				CLANG_WARN_INT_CONVERSION = YES;
				CLANG_WARN_OBJC_ROOT_CLASS = YES_ERROR;
				CLANG_WARN_UNREACHABLE_CODE = YES;
				CLANG_WARN__DUPLICATE_METHOD_MATCH = YES;
				"CODE_SIGN_IDENTITY[sdk=iphoneos*]" = "iPhone Developer";
				COPY_PHASE_STRIP = NO;
				DEBUG_INFORMATION_FORMAT = "dwarf-with-dsym";
				ENABLE_NS_ASSERTIONS = NO;
				ENABLE_STRICT_OBJC_MSGSEND = YES;
				GCC_C_LANGUAGE_STANDARD = gnu99;
				GCC_NO_COMMON_BLOCKS = YES;
				GCC_WARN_64_TO_32_BIT_CONVERSION = YES;
				GCC_WARN_ABOUT_RETURN_TYPE = YES_ERROR;
				GCC_WARN_UNDECLARED_SELECTOR = YES;
				GCC_WARN_UNINITIALIZED_AUTOS = YES_AGGRESSIVE;
				GCC_WARN_UNUSED_FUNCTION = YES;
				GCC_WARN_UNUSED_VARIABLE = YES;
				IPHONEOS_DEPLOYMENT_TARGET = 9.2;
				MTL_ENABLE_DEBUG_INFO = NO;
				SDKROOT = iphoneos;
				TARGETED_DEVICE_FAMILY = "1,2";
				VALIDATE_PRODUCT = YES;
			};
			name = Release;
		};
		B1689A581C65BE6A00436439 /* Debug */ = {
			isa = XCBuildConfiguration;
			baseConfigurationReference = 0F084FD0F1D204DA52303DDB /* Pods.debug.xcconfig */;
			buildSettings = {
				ASSETCATALOG_COMPILER_APPICON_NAME = AppIcon;
				CODE_SIGN_IDENTITY = "iPhone Developer";
				ENABLE_BITCODE = NO;
				GCC_PRECOMPILE_PREFIX_HEADER = YES;
				GCC_PREFIX_HEADER = PrefixHeader.pch;
				INFOPLIST_FILE = Headout/Info.plist;
				LD_RUNPATH_SEARCH_PATHS = "$(inherited) @executable_path/Frameworks";
				LIBRARY_SEARCH_PATHS = (
					"$(inherited)",
					"$(PROJECT_DIR)/Headout",
				);
				PRODUCT_BUNDLE_IDENTIFIER = com.hackathon.Headout;
				PRODUCT_NAME = "$(TARGET_NAME)";
			};
			name = Debug;
		};
		B1689A591C65BE6A00436439 /* Release */ = {
			isa = XCBuildConfiguration;
			baseConfigurationReference = C906D02A98FF1FF6181F15ED /* Pods.release.xcconfig */;
			buildSettings = {
				ASSETCATALOG_COMPILER_APPICON_NAME = AppIcon;
				CODE_SIGN_IDENTITY = "iPhone Developer";
				ENABLE_BITCODE = NO;
				GCC_PRECOMPILE_PREFIX_HEADER = YES;
				GCC_PREFIX_HEADER = PrefixHeader.pch;
				INFOPLIST_FILE = Headout/Info.plist;
				LD_RUNPATH_SEARCH_PATHS = "$(inherited) @executable_path/Frameworks";
				LIBRARY_SEARCH_PATHS = (
					"$(inherited)",
					"$(PROJECT_DIR)/Headout",
				);
				PRODUCT_BUNDLE_IDENTIFIER = com.hackathon.Headout;
				PRODUCT_NAME = "$(TARGET_NAME)";
			};
			name = Release;
		};
/* End XCBuildConfiguration section */

/* Begin XCConfigurationList section */
		B1689A3B1C65BE6A00436439 /* Build configuration list for PBXProject "Headout" */ = {
			isa = XCConfigurationList;
			buildConfigurations = (
				B1689A551C65BE6A00436439 /* Debug */,
				B1689A561C65BE6A00436439 /* Release */,
			);
			defaultConfigurationIsVisible = 0;
			defaultConfigurationName = Release;
		};
		B1689A571C65BE6A00436439 /* Build configuration list for PBXNativeTarget "Headout" */ = {
			isa = XCConfigurationList;
			buildConfigurations = (
				B1689A581C65BE6A00436439 /* Debug */,
				B1689A591C65BE6A00436439 /* Release */,
			);
			defaultConfigurationIsVisible = 0;
			defaultConfigurationName = Release;
		};
/* End XCConfigurationList section */
	};
	rootObject = B1689A381C65BE6A00436439 /* Project object */;
}
